{
  "name": "catchphrase_maker",
  "version": "1.0.8",
  "lockfileVersion": 2,
  "requires": true,
  "packages": {
    "": {
      "name": "catchphrase_maker",
      "version": "1.0.8",
      "license": "ISC",
      "dependencies": {
        "enquire": "^0.0.2"
      }
    },
    "node_modules/enquire": {
      "version": "0.0.2",
      "resolved": "https://registry.npmjs.org/enquire/-/enquire-0.0.2.tgz",
      "integrity": "sha1-6SOJzYAiSXFwDk/IusgSnHW/hmE=",
      "deprecated": "This is no longer in use or being maintained",
      "engines": [
        "node >= 0.4.0"
      ]
    }
  },
  "dependencies": {
    "enquire": {
      "version": "0.0.2",
      "resolved": "https://registry.npmjs.org/enquire/-/enquire-0.0.2.tgz",
      "integrity": "sha1-6SOJzYAiSXFwDk/IusgSnHW/hmE="
    }
  }
}
